
Microsoft Visual Studio Solution File, Format Version 12.00
# Visual Studio Version 17
VisualStudioVersion = 17.9.34622.214
MinimumVisualStudioVersion = 10.0.40219.1
Project("{9A19103F-16F7-4668-BE54-9A1E7A4F7556}") = "DATN-ShopRecommenderSystem", "DATN-ShopRecommenderSystem\DATN-ShopRecommenderSystem.csproj", "{BCC138D5-E83C-406C-A31F-810631E8F816}"
EndProject
Project("{9A19103F-16F7-4668-BE54-9A1E7A4F7556}") = "ShopRe.Common", "ShopRe.Common\ShopRe.Common.csproj", "{73D2061F-634B-4CBD-A3E2-1FF5614AD1CF}"
EndProject
Project("{9A19103F-16F7-4668-BE54-9A1E7A4F7556}") = "ShopRe.UnitTest", "ShopRe.UnitTest\ShopRe.UnitTest.csproj", "{4A5A5342-1457-4F74-8283-29CABEB67BF6}"
EndProject
Project("{9A19103F-16F7-4668-BE54-9A1E7A4F7556}") = "ShopRe.Service", "ShopRe.Service\ShopRe.Service.csproj", "{154E7C91-943F-4B90-B61C-BD70CAB927E1}"
EndProject
Project("{9A19103F-16F7-4668-BE54-9A1E7A4F7556}") = "ShopRe.Data", "ShopRe.Data\ShopRe.Data.csproj", "{A38CA8CE-025F-4995-BFDC-2A889790EDEC}"
EndProject
Project("{9A19103F-16F7-4668-BE54-9A1E7A4F7556}") = "ShopRe.Model", "ShopRe.Model\ShopRe.Model.csproj", "{F08B8E5A-F515-4045-8C7E-08347C6C4FC3}"
EndProject
Global
	GlobalSection(SolutionConfigurationPlatforms) = preSolution
		Debug|Any CPU = Debug|Any CPU
		Release|Any CPU = Release|Any CPU
	EndGlobalSection
	GlobalSection(ProjectConfigurationPlatforms) = postSolution
		{BCC138D5-E83C-406C-A31F-810631E8F816}.Debug|Any CPU.ActiveCfg = Debug|Any CPU
		{BCC138D5-E83C-406C-A31F-810631E8F816}.Debug|Any CPU.Build.0 = Debug|Any CPU
		{BCC138D5-E83C-406C-A31F-810631E8F816}.Release|Any CPU.ActiveCfg = Release|Any CPU
		{BCC138D5-E83C-406C-A31F-810631E8F816}.Release|Any CPU.Build.0 = Release|Any CPU
		{73D2061F-634B-4CBD-A3E2-1FF5614AD1CF}.Debug|Any CPU.ActiveCfg = Debug|Any CPU
		{73D2061F-634B-4CBD-A3E2-1FF5614AD1CF}.Debug|Any CPU.Build.0 = Debug|Any CPU
		{73D2061F-634B-4CBD-A3E2-1FF5614AD1CF}.Release|Any CPU.ActiveCfg = Release|Any CPU
		{73D2061F-634B-4CBD-A3E2-1FF5614AD1CF}.Release|Any CPU.Build.0 = Release|Any CPU
		{4A5A5342-1457-4F74-8283-29CABEB67BF6}.Debug|Any CPU.ActiveCfg = Debug|Any CPU
		{4A5A5342-1457-4F74-8283-29CABEB67BF6}.Debug|Any CPU.Build.0 = Debug|Any CPU
		{4A5A5342-1457-4F74-8283-29CABEB67BF6}.Release|Any CPU.ActiveCfg = Release|Any CPU
		{4A5A5342-1457-4F74-8283-29CABEB67BF6}.Release|Any CPU.Build.0 = Release|Any CPU
		{154E7C91-943F-4B90-B61C-BD70CAB927E1}.Debug|Any CPU.ActiveCfg = Debug|Any CPU
		{154E7C91-943F-4B90-B61C-BD70CAB927E1}.Debug|Any CPU.Build.0 = Debug|Any CPU
		{154E7C91-943F-4B90-B61C-BD70CAB927E1}.Release|Any CPU.ActiveCfg = Release|Any CPU
		{154E7C91-943F-4B90-B61C-BD70CAB927E1}.Release|Any CPU.Build.0 = Release|Any CPU
		{A38CA8CE-025F-4995-BFDC-2A889790EDEC}.Debug|Any CPU.ActiveCfg = Debug|Any CPU
		{A38CA8CE-025F-4995-BFDC-2A889790EDEC}.Debug|Any CPU.Build.0 = Debug|Any CPU
		{A38CA8CE-025F-4995-BFDC-2A889790EDEC}.Release|Any CPU.ActiveCfg = Release|Any CPU
		{A38CA8CE-025F-4995-BFDC-2A889790EDEC}.Release|Any CPU.Build.0 = Release|Any CPU
		{F08B8E5A-F515-4045-8C7E-08347C6C4FC3}.Debug|Any CPU.ActiveCfg = Debug|Any CPU
		{F08B8E5A-F515-4045-8C7E-08347C6C4FC3}.Debug|Any CPU.Build.0 = Debug|Any CPU
		{F08B8E5A-F515-4045-8C7E-08347C6C4FC3}.Release|Any CPU.ActiveCfg = Release|Any CPU
		{F08B8E5A-F515-4045-8C7E-08347C6C4FC3}.Release|Any CPU.Build.0 = Release|Any CPU
	EndGlobalSection
	GlobalSection(SolutionProperties) = preSolution
		HideSolutionNode = FALSE
	EndGlobalSection
	GlobalSection(ExtensibilityGlobals) = postSolution
		SolutionGuid = {3C138E5F-68FF-4314-99F1-79FC518CBCF5}
	EndGlobalSection
EndGlobal
